{
  "requires": true,
  "lockfileVersion": 1,
  "dependencies": {
    "bancor-contracts": {
      "version": "0.3.3",
      "resolved": "https://registry.npmjs.org/bancor-contracts/-/bancor-contracts-0.3.3.tgz",
      "integrity": "sha512-XNIk3iV1tpVbxYvKZLJvCJh1wdj8ABfwaInPjVW9sfgOjLPMAQfeglZItNBm6bvvaopA5QREgH827gjB1zlllw=="
    }
  }
}
